
Microsoft Visual Studio Solution File, Format Version 12.00
# Visual Studio Version 17
VisualStudioVersion = 17.7.34221.43
MinimumVisualStudioVersion = 10.0.40219.1
Project("{9A19103F-16F7-4668-BE54-9A1E7A4F7556}") = "MasterCRUDApp", "MasterCRUDApp\MasterCRUDApp.csproj", "{900A6B0A-7933-454B-B7BD-02E849241199}"
EndProject
Project("{FAE04EC0-301F-11D3-BF4B-00C04F79EFBC}") = "MasterCRUDResumeManager", "MasterCRUDResumeManager\MasterCRUDResumeManager.csproj", "{6C50E351-2A9F-4407-AC94-C737FE3665C5}"
EndProject
Global
	GlobalSection(SolutionConfigurationPlatforms) = preSolution
		Debug|Any CPU = Debug|Any CPU
		Release|Any CPU = Release|Any CPU
	EndGlobalSection
	GlobalSection(ProjectConfigurationPlatforms) = postSolution
		{900A6B0A-7933-454B-B7BD-02E849241199}.Debug|Any CPU.ActiveCfg = Debug|Any CPU
		{900A6B0A-7933-454B-B7BD-02E849241199}.Debug|Any CPU.Build.0 = Debug|Any CPU
		{900A6B0A-7933-454B-B7BD-02E849241199}.Release|Any CPU.ActiveCfg = Release|Any CPU
		{900A6B0A-7933-454B-B7BD-02E849241199}.Release|Any CPU.Build.0 = Release|Any CPU
		{6C50E351-2A9F-4407-AC94-C737FE3665C5}.Debug|Any CPU.ActiveCfg = Debug|Any CPU
		{6C50E351-2A9F-4407-AC94-C737FE3665C5}.Debug|Any CPU.Build.0 = Debug|Any CPU
		{6C50E351-2A9F-4407-AC94-C737FE3665C5}.Release|Any CPU.ActiveCfg = Release|Any CPU
		{6C50E351-2A9F-4407-AC94-C737FE3665C5}.Release|Any CPU.Build.0 = Release|Any CPU
	EndGlobalSection
	GlobalSection(SolutionProperties) = preSolution
		HideSolutionNode = FALSE
	EndGlobalSection
	GlobalSection(ExtensibilityGlobals) = postSolution
		SolutionGuid = {7084E3B2-023E-4B4C-8B6C-41D6D4A72D09}
	EndGlobalSection
EndGlobal
