
Microsoft Visual Studio Solution File, Format Version 12.00
# Visual Studio Version 17
VisualStudioVersion = 17.7.34221.43
MinimumVisualStudioVersion = 10.0.40219.1
Project("{9A19103F-16F7-4668-BE54-9A1E7A4F7556}") = "AspNetBasicCRUDApplicationUsingNetCore", "AspNetBasicCRUDApplicationUsingNetCore\AspNetBasicCRUDApplicationUsingNetCore.csproj", "{073759F7-A194-4EE0-B400-D6963A541265}"
EndProject
Project("{FAE04EC0-301F-11D3-BF4B-00C04F79EFBC}") = "AspNetCoreCRUD2", "AspNetCoreCRUD2\AspNetCoreCRUD2.csproj", "{B80361F9-C7B6-4386-9BFC-2569F6989A08}"
EndProject
Global
	GlobalSection(SolutionConfigurationPlatforms) = preSolution
		Debug|Any CPU = Debug|Any CPU
		Release|Any CPU = Release|Any CPU
	EndGlobalSection
	GlobalSection(ProjectConfigurationPlatforms) = postSolution
		{073759F7-A194-4EE0-B400-D6963A541265}.Debug|Any CPU.ActiveCfg = Debug|Any CPU
		{073759F7-A194-4EE0-B400-D6963A541265}.Debug|Any CPU.Build.0 = Debug|Any CPU
		{073759F7-A194-4EE0-B400-D6963A541265}.Release|Any CPU.ActiveCfg = Release|Any CPU
		{073759F7-A194-4EE0-B400-D6963A541265}.Release|Any CPU.Build.0 = Release|Any CPU
		{B80361F9-C7B6-4386-9BFC-2569F6989A08}.Debug|Any CPU.ActiveCfg = Debug|Any CPU
		{B80361F9-C7B6-4386-9BFC-2569F6989A08}.Debug|Any CPU.Build.0 = Debug|Any CPU
		{B80361F9-C7B6-4386-9BFC-2569F6989A08}.Release|Any CPU.ActiveCfg = Release|Any CPU
		{B80361F9-C7B6-4386-9BFC-2569F6989A08}.Release|Any CPU.Build.0 = Release|Any CPU
	EndGlobalSection
	GlobalSection(SolutionProperties) = preSolution
		HideSolutionNode = FALSE
	EndGlobalSection
	GlobalSection(ExtensibilityGlobals) = postSolution
		SolutionGuid = {F42C1FD3-7065-495D-A8D2-B9FE819F23D8}
	EndGlobalSection
EndGlobal
