
Microsoft Visual Studio Solution File, Format Version 12.00
# Visual Studio Version 17
VisualStudioVersion = 17.3.32825.248
MinimumVisualStudioVersion = 10.0.40219.1
Project("{9A19103F-16F7-4668-BE54-9A1E7A4F7556}") = "BasicProgramming", "BasicProgramming\BasicProgramming.csproj", "{B7A394CE-CB59-40BF-96A2-2128A18F2F8D}"
EndProject
Project("{9A19103F-16F7-4668-BE54-9A1E7A4F7556}") = "OopsProgrammingProblems", "OopsProgrammingProblems\OopsProgrammingProblems.csproj", "{FC77E113-3AED-4452-97F7-30DBC4E77D5C}"
EndProject
Project("{FAE04EC0-301F-11D3-BF4B-00C04F79EFBC}") = "LogicalProgramming", "LogicalProgramming\LogicalProgramming.csproj", "{B2E2FDB7-975E-4BCB-80D1-272636D7C4C2}"
EndProject
Global
	GlobalSection(SolutionConfigurationPlatforms) = preSolution
		Debug|Any CPU = Debug|Any CPU
		Release|Any CPU = Release|Any CPU
	EndGlobalSection
	GlobalSection(ProjectConfigurationPlatforms) = postSolution
		{B7A394CE-CB59-40BF-96A2-2128A18F2F8D}.Debug|Any CPU.ActiveCfg = Debug|Any CPU
		{B7A394CE-CB59-40BF-96A2-2128A18F2F8D}.Debug|Any CPU.Build.0 = Debug|Any CPU
		{B7A394CE-CB59-40BF-96A2-2128A18F2F8D}.Release|Any CPU.ActiveCfg = Release|Any CPU
		{B7A394CE-CB59-40BF-96A2-2128A18F2F8D}.Release|Any CPU.Build.0 = Release|Any CPU
		{FC77E113-3AED-4452-97F7-30DBC4E77D5C}.Debug|Any CPU.ActiveCfg = Debug|Any CPU
		{FC77E113-3AED-4452-97F7-30DBC4E77D5C}.Debug|Any CPU.Build.0 = Debug|Any CPU
		{FC77E113-3AED-4452-97F7-30DBC4E77D5C}.Release|Any CPU.ActiveCfg = Release|Any CPU
		{FC77E113-3AED-4452-97F7-30DBC4E77D5C}.Release|Any CPU.Build.0 = Release|Any CPU
		{B2E2FDB7-975E-4BCB-80D1-272636D7C4C2}.Debug|Any CPU.ActiveCfg = Debug|Any CPU
		{B2E2FDB7-975E-4BCB-80D1-272636D7C4C2}.Debug|Any CPU.Build.0 = Debug|Any CPU
		{B2E2FDB7-975E-4BCB-80D1-272636D7C4C2}.Release|Any CPU.ActiveCfg = Release|Any CPU
		{B2E2FDB7-975E-4BCB-80D1-272636D7C4C2}.Release|Any CPU.Build.0 = Release|Any CPU
	EndGlobalSection
	GlobalSection(SolutionProperties) = preSolution
		HideSolutionNode = FALSE
	EndGlobalSection
	GlobalSection(ExtensibilityGlobals) = postSolution
		SolutionGuid = {724A6C44-A1C8-4DC1-BAD2-0907D081DDD1}
	EndGlobalSection
EndGlobal
